[General]
platform=win
host=DESKTOP-SFA8FDJ
user=\x418\x432\x430\x43d
uuid=8FCECDBA-1D13-46E5-80F2-7F5AB4934B8D
project_path=G:/\x414\x43e\x43a\x443\x43c\x435\x43d\x442\x44b/Game Dev/\x414\x438\x437\x430\x439\x43d \x414\x43e\x43a\x443\x43c\x435\x43d\x442\x44b/MDC.scriv
app_path=G:/Program Files(x86)/Scrivener/Scrivener.exe
